<?xml version="1.0" encoding="utf-8"?>
<Project ToolsVersion="4.0" xmlns="http://schemas.microsoft.com/developer/msbuild/2003">
  <ItemGroup>
    <Filter Include="Source Files">
      <UniqueIdentifier>{4FC737F1-C7A5-4376-A066-2A32D752A2FF}</UniqueIdentifier>
      <Extensions>cpp;c;cc;cxx;c++;cppm;ixx;def;odl;idl;hpj;bat;asm;asmx</Extensions>
    </Filter>
    <Filter Include="Header Files">
      <UniqueIdentifier>{93995380-89BD-4b04-88EB-625FBE52EBFB}</UniqueIdentifier>
      <Extensions>h;hh;hpp;hxx;h++;hm;inl;inc;ipp;xsd</Extensions>
    </Filter>
    <Filter Include="Resource Files">
      <UniqueIdentifier>{67DA6AB6-F800-4c08-8B7A-83BB121AAD01}</UniqueIdentifier>
      <Extensions>rc;ico;cur;bmp;dlg;rc2;rct;bin;rgs;gif;jpg;jpeg;jpe;resx;tiff;tif;png;wav;mfcribbon-ms</Extensions>
    </Filter>
    <Filter Include="Source Files\overlay">
      <UniqueIdentifier>{0c5a5a5d-60d2-44c5-91e5-49e469adfd76}</UniqueIdentifier>
    </Filter>
    <Filter Include="Source Files\renderer">
      <UniqueIdentifier>{040ac411-a0a1-4bca-85e0-87f733ef7210}</UniqueIdentifier>
    </Filter>
    <Filter Include="Source Files\sdk">
      <UniqueIdentifier>{ad4de4ea-d682-49d0-b499-3c55649ef5a6}</UniqueIdentifier>
    </Filter>
    <Filter Include="Source Files\mem">
      <UniqueIdentifier>{9a9d329f-e97b-4ce4-a0b6-a728d16172ea}</UniqueIdentifier>
    </Filter>
    <Filter Include="Source Files\esp">
      <UniqueIdentifier>{d0706a2e-a608-41c6-89c9-dcbf0e57ec05}</UniqueIdentifier>
    </Filter>
    <Filter Include="Source Files\aim">
      <UniqueIdentifier>{05719ebe-b31d-4865-b20f-88c831d93e49}</UniqueIdentifier>
    </Filter>
  </ItemGroup>
  <ItemGroup>
    <ClCompile Include="main.cpp">
      <Filter>Source Files</Filter>
    </ClCompile>
    <ClCompile Include="dx_overlay.cpp">
      <Filter>Source Files\overlay</Filter>
    </ClCompile>
    <ClCompile Include="dx_renderer.cpp">
      <Filter>Source Files\renderer</Filter>
    </ClCompile>
    <ClCompile Include="entity.cpp">
      <Filter>Source Files\sdk</Filter>
    </ClCompile>
    <ClCompile Include="memory_manager.cpp">
      <Filter>Source Files\mem</Filter>
    </ClCompile>
    <ClCompile Include="esp.cpp">
      <Filter>Source Files\esp</Filter>
    </ClCompile>
    <ClCompile Include="csgo_sdk.cpp">
      <Filter>Source Files\sdk</Filter>
    </ClCompile>
  </ItemGroup>
  <ItemGroup>
    <ClInclude Include="dx_overlay.h">
      <Filter>Source Files\overlay</Filter>
    </ClInclude>
    <ClInclude Include="dx_renderer.h">
      <Filter>Source Files\renderer</Filter>
    </ClInclude>
    <ClInclude Include="memory_manager.h">
      <Filter>Source Files\mem</Filter>
    </ClInclude>
    <ClInclude Include="esp.h">
      <Filter>Source Files\esp</Filter>
    </ClInclude>
    <ClInclude Include="csgo_sdk.h">
      <Filter>Source Files\sdk</Filter>
    </ClInclude>
    <ClInclude Include="math.h">
      <Filter>Source Files\sdk</Filter>
    </ClInclude>
  </ItemGroup>
</Project>